
Microsoft Visual Studio Solution File, Format Version 12.00
# Visual Studio Version 17
VisualStudioVersion = 17.1.32228.430
MinimumVisualStudioVersion = 10.0.40219.1
Project("{9A19103F-16F7-4668-BE54-9A1E7A4F7556}") = "Entities", "Entities\Entities.csproj", "{DC418768-0298-46CE-BC07-B7231ED75337}"
EndProject
Project("{2150E333-8FDC-42A3-9474-1A3956D46DE8}") = "5-ENTITIES", "5-ENTITIES", "{EA960DE1-FDE2-4A04-A4BF-BBAA31767049}"
EndProject
Project("{2150E333-8FDC-42A3-9474-1A3956D46DE8}") = "4-INFRASTRUTURE", "4-INFRASTRUTURE", "{5680D450-6B8E-47F8-A36B-E9C730202818}"
EndProject
Project("{2150E333-8FDC-42A3-9474-1A3956D46DE8}") = "3-DOMAIN", "3-DOMAIN", "{DFB38A39-C062-48FF-9AA3-BCE5B083FD71}"
EndProject
Project("{2150E333-8FDC-42A3-9474-1A3956D46DE8}") = "2-APPLICATION", "2-APPLICATION", "{7DF4C2E6-EB61-48AA-AA58-F2EFAAF6D619}"
EndProject
Project("{2150E333-8FDC-42A3-9474-1A3956D46DE8}") = "1-API", "1-API", "{57BE9B01-5EE3-4794-8AA9-51D1B2F77ECF}"
EndProject
Project("{9A19103F-16F7-4668-BE54-9A1E7A4F7556}") = "Infrastruture", "Infrastruture\Infrastruture.csproj", "{32065A54-3138-4C02-9895-3CE56F0905B1}"
EndProject
Project("{9A19103F-16F7-4668-BE54-9A1E7A4F7556}") = "Domain", "Domain\Domain.csproj", "{54897419-9258-4526-B107-007B8AE02FD9}"
EndProject
Project("{9A19103F-16F7-4668-BE54-9A1E7A4F7556}") = "Application", "Application\Application.csproj", "{7EDB06AF-19EF-4095-9294-2D39240BECAF}"
EndProject
Project("{9A19103F-16F7-4668-BE54-9A1E7A4F7556}") = "CashBook.API", "FIinancial_API\CashBook.API.csproj", "{D04C0E6D-17DD-4DAB-ABF3-0BE74F3E2F56}"
EndProject
Project("{9A19103F-16F7-4668-BE54-9A1E7A4F7556}") = "Document_API.API", "Document_API.API\Document_API.API.csproj", "{7E379DD4-A1F8-4682-97BC-663A8C3103D5}"
EndProject
Project("{9A19103F-16F7-4668-BE54-9A1E7A4F7556}") = "Order_API.API", "Order_API.API\Order_API.API.csproj", "{BE36A97C-D9B1-41FF-AB75-485C7285EEB0}"
EndProject
Project("{2150E333-8FDC-42A3-9474-1A3956D46DE8}") = "UNIT_TEST", "UNIT_TEST", "{D315278E-C4A8-4575-9118-50963DBD0DDA}"
EndProject
Project("{9A19103F-16F7-4668-BE54-9A1E7A4F7556}") = "Projectc_Unit_Test", "Projectc_Unit_Test\Projectc_Unit_Test.csproj", "{EFD8F698-EBA4-4CA5-A761-8F092A8CC7EE}"
EndProject
Project("{FAE04EC0-301F-11D3-BF4B-00C04F79EFBC}") = "Project_Helper", "Project_Helper\Project_Helper.csproj", "{99BF02F0-EFD6-43BD-9DC1-EE999D41F3D3}"
EndProject
Global
	GlobalSection(SolutionConfigurationPlatforms) = preSolution
		Debug|Any CPU = Debug|Any CPU
		Release|Any CPU = Release|Any CPU
	EndGlobalSection
	GlobalSection(ProjectConfigurationPlatforms) = postSolution
		{DC418768-0298-46CE-BC07-B7231ED75337}.Debug|Any CPU.ActiveCfg = Debug|Any CPU
		{DC418768-0298-46CE-BC07-B7231ED75337}.Debug|Any CPU.Build.0 = Debug|Any CPU
		{DC418768-0298-46CE-BC07-B7231ED75337}.Release|Any CPU.ActiveCfg = Release|Any CPU
		{DC418768-0298-46CE-BC07-B7231ED75337}.Release|Any CPU.Build.0 = Release|Any CPU
		{32065A54-3138-4C02-9895-3CE56F0905B1}.Debug|Any CPU.ActiveCfg = Debug|Any CPU
		{32065A54-3138-4C02-9895-3CE56F0905B1}.Debug|Any CPU.Build.0 = Debug|Any CPU
		{32065A54-3138-4C02-9895-3CE56F0905B1}.Release|Any CPU.ActiveCfg = Release|Any CPU
		{32065A54-3138-4C02-9895-3CE56F0905B1}.Release|Any CPU.Build.0 = Release|Any CPU
		{54897419-9258-4526-B107-007B8AE02FD9}.Debug|Any CPU.ActiveCfg = Debug|Any CPU
		{54897419-9258-4526-B107-007B8AE02FD9}.Debug|Any CPU.Build.0 = Debug|Any CPU
		{54897419-9258-4526-B107-007B8AE02FD9}.Release|Any CPU.ActiveCfg = Release|Any CPU
		{54897419-9258-4526-B107-007B8AE02FD9}.Release|Any CPU.Build.0 = Release|Any CPU
		{7EDB06AF-19EF-4095-9294-2D39240BECAF}.Debug|Any CPU.ActiveCfg = Debug|Any CPU
		{7EDB06AF-19EF-4095-9294-2D39240BECAF}.Debug|Any CPU.Build.0 = Debug|Any CPU
		{7EDB06AF-19EF-4095-9294-2D39240BECAF}.Release|Any CPU.ActiveCfg = Release|Any CPU
		{7EDB06AF-19EF-4095-9294-2D39240BECAF}.Release|Any CPU.Build.0 = Release|Any CPU
		{D04C0E6D-17DD-4DAB-ABF3-0BE74F3E2F56}.Debug|Any CPU.ActiveCfg = Debug|Any CPU
		{D04C0E6D-17DD-4DAB-ABF3-0BE74F3E2F56}.Debug|Any CPU.Build.0 = Debug|Any CPU
		{D04C0E6D-17DD-4DAB-ABF3-0BE74F3E2F56}.Release|Any CPU.ActiveCfg = Release|Any CPU
		{D04C0E6D-17DD-4DAB-ABF3-0BE74F3E2F56}.Release|Any CPU.Build.0 = Release|Any CPU
		{7E379DD4-A1F8-4682-97BC-663A8C3103D5}.Debug|Any CPU.ActiveCfg = Debug|Any CPU
		{7E379DD4-A1F8-4682-97BC-663A8C3103D5}.Debug|Any CPU.Build.0 = Debug|Any CPU
		{7E379DD4-A1F8-4682-97BC-663A8C3103D5}.Release|Any CPU.ActiveCfg = Release|Any CPU
		{7E379DD4-A1F8-4682-97BC-663A8C3103D5}.Release|Any CPU.Build.0 = Release|Any CPU
		{BE36A97C-D9B1-41FF-AB75-485C7285EEB0}.Debug|Any CPU.ActiveCfg = Debug|Any CPU
		{BE36A97C-D9B1-41FF-AB75-485C7285EEB0}.Debug|Any CPU.Build.0 = Debug|Any CPU
		{BE36A97C-D9B1-41FF-AB75-485C7285EEB0}.Release|Any CPU.ActiveCfg = Release|Any CPU
		{BE36A97C-D9B1-41FF-AB75-485C7285EEB0}.Release|Any CPU.Build.0 = Release|Any CPU
		{EFD8F698-EBA4-4CA5-A761-8F092A8CC7EE}.Debug|Any CPU.ActiveCfg = Debug|Any CPU
		{EFD8F698-EBA4-4CA5-A761-8F092A8CC7EE}.Debug|Any CPU.Build.0 = Debug|Any CPU
		{EFD8F698-EBA4-4CA5-A761-8F092A8CC7EE}.Release|Any CPU.ActiveCfg = Release|Any CPU
		{EFD8F698-EBA4-4CA5-A761-8F092A8CC7EE}.Release|Any CPU.Build.0 = Release|Any CPU
		{99BF02F0-EFD6-43BD-9DC1-EE999D41F3D3}.Debug|Any CPU.ActiveCfg = Debug|Any CPU
		{99BF02F0-EFD6-43BD-9DC1-EE999D41F3D3}.Debug|Any CPU.Build.0 = Debug|Any CPU
		{99BF02F0-EFD6-43BD-9DC1-EE999D41F3D3}.Release|Any CPU.ActiveCfg = Release|Any CPU
		{99BF02F0-EFD6-43BD-9DC1-EE999D41F3D3}.Release|Any CPU.Build.0 = Release|Any CPU
	EndGlobalSection
	GlobalSection(SolutionProperties) = preSolution
		HideSolutionNode = FALSE
	EndGlobalSection
	GlobalSection(NestedProjects) = preSolution
		{DC418768-0298-46CE-BC07-B7231ED75337} = {EA960DE1-FDE2-4A04-A4BF-BBAA31767049}
		{32065A54-3138-4C02-9895-3CE56F0905B1} = {5680D450-6B8E-47F8-A36B-E9C730202818}
		{54897419-9258-4526-B107-007B8AE02FD9} = {DFB38A39-C062-48FF-9AA3-BCE5B083FD71}
		{7EDB06AF-19EF-4095-9294-2D39240BECAF} = {7DF4C2E6-EB61-48AA-AA58-F2EFAAF6D619}
		{D04C0E6D-17DD-4DAB-ABF3-0BE74F3E2F56} = {57BE9B01-5EE3-4794-8AA9-51D1B2F77ECF}
		{7E379DD4-A1F8-4682-97BC-663A8C3103D5} = {57BE9B01-5EE3-4794-8AA9-51D1B2F77ECF}
		{BE36A97C-D9B1-41FF-AB75-485C7285EEB0} = {57BE9B01-5EE3-4794-8AA9-51D1B2F77ECF}
		{EFD8F698-EBA4-4CA5-A761-8F092A8CC7EE} = {D315278E-C4A8-4575-9118-50963DBD0DDA}
		{99BF02F0-EFD6-43BD-9DC1-EE999D41F3D3} = {D315278E-C4A8-4575-9118-50963DBD0DDA}
	EndGlobalSection
	GlobalSection(ExtensibilityGlobals) = postSolution
		SolutionGuid = {8F074BCE-EE2E-4D09-96BC-E3C0B5DB137C}
	EndGlobalSection
EndGlobal
